{
  "name": "zrender-study",
  "version": "1.0.0",
  "lockfileVersion": 1,
  "requires": true,
  "dependencies": {
    "zrender": {
      "version": "3.7.4",
      "resolved": "https://registry.npmjs.org/zrender/-/zrender-3.7.4.tgz",
      "integrity": "sha512-5Nz7+L1wIoL0+Pp/iOP56jD6eD017qC9VRSgUBheXBiAHgOBJZ4uh4/g6e83acIwa8RKSyZf/FlceKu5ntUuxQ=="
    }
  }
}
